
Microsoft Visual Studio Solution File, Format Version 12.00
# Visual Studio 15
VisualStudioVersion = 15.0.27428.2015
MinimumVisualStudioVersion = 10.0.40219.1
Project("{FAE04EC0-301F-11D3-BF4B-00C04F79EFBC}") = "SoPhuc", "SoPhuc\SoPhuc.csproj", "{EE6A6497-799A-435B-9E50-7CFF7C6D95E2}"
EndProject
Global
	GlobalSection(SolutionConfigurationPlatforms) = preSolution
		Debug|Any CPU = Debug|Any CPU
		Release|Any CPU = Release|Any CPU
	EndGlobalSection
	GlobalSection(ProjectConfigurationPlatforms) = postSolution
		{EE6A6497-799A-435B-9E50-7CFF7C6D95E2}.Debug|Any CPU.ActiveCfg = Debug|Any CPU
		{EE6A6497-799A-435B-9E50-7CFF7C6D95E2}.Debug|Any CPU.Build.0 = Debug|Any CPU
		{EE6A6497-799A-435B-9E50-7CFF7C6D95E2}.Release|Any CPU.ActiveCfg = Release|Any CPU
		{EE6A6497-799A-435B-9E50-7CFF7C6D95E2}.Release|Any CPU.Build.0 = Release|Any CPU
	EndGlobalSection
	GlobalSection(SolutionProperties) = preSolution
		HideSolutionNode = FALSE
	EndGlobalSection
	GlobalSection(ExtensibilityGlobals) = postSolution
		SolutionGuid = {8CC6DE4F-2662-4F27-8D99-9AB566B4E46F}
	EndGlobalSection
EndGlobal
